
Microsoft Visual Studio Solution File, Format Version 12.00
# Visual Studio Version 17
VisualStudioVersion = 17.5.33414.496
MinimumVisualStudioVersion = 10.0.40219.1
Project("{FAE04EC0-301F-11D3-BF4B-00C04F79EFBC}") = "HashTableAndBST", "HashTableAndBST.csproj", "{F7EC84F6-7E30-4EEC-8434-05C5E26646C2}"
EndProject
Global
	GlobalSection(SolutionConfigurationPlatforms) = preSolution
		Debug|Any CPU = Debug|Any CPU
		Release|Any CPU = Release|Any CPU
	EndGlobalSection
	GlobalSection(ProjectConfigurationPlatforms) = postSolution
		{F7EC84F6-7E30-4EEC-8434-05C5E26646C2}.Debug|Any CPU.ActiveCfg = Debug|Any CPU
		{F7EC84F6-7E30-4EEC-8434-05C5E26646C2}.Debug|Any CPU.Build.0 = Debug|Any CPU
		{F7EC84F6-7E30-4EEC-8434-05C5E26646C2}.Release|Any CPU.ActiveCfg = Release|Any CPU
		{F7EC84F6-7E30-4EEC-8434-05C5E26646C2}.Release|Any CPU.Build.0 = Release|Any CPU
	EndGlobalSection
	GlobalSection(SolutionProperties) = preSolution
		HideSolutionNode = FALSE
	EndGlobalSection
	GlobalSection(ExtensibilityGlobals) = postSolution
		SolutionGuid = {F6234862-B1F2-470F-807A-300C00004A53}
	EndGlobalSection
EndGlobal
